
Microsoft Visual Studio Solution File, Format Version 12.00
# Visual Studio 15
VisualStudioVersion = 15.0.28307.421
MinimumVisualStudioVersion = 10.0.40219.1
Project("{FAE04EC0-301F-11D3-BF4B-00C04F79EFBC}") = "lab2_9", "..\..\lab2\9\9\lab2_9.csproj", "{9787A22F-92E7-4854-937B-C3728F65A3BA}"
EndProject
Project("{FAE04EC0-301F-11D3-BF4B-00C04F79EFBC}") = "lab4_2", "..\..\lab4\2\2\lab4_2.csproj", "{4F896E89-25B3-4720-B886-D62BEC0AB7AB}"
EndProject
Project("{FAE04EC0-301F-11D3-BF4B-00C04F79EFBC}") = "lab4_29", "lab4_29\lab4_29.csproj", "{16FE9E2B-9EE9-43FF-8183-E5C8619A6A45}"
EndProject
Project("{FAE04EC0-301F-11D3-BF4B-00C04F79EFBC}") = "lab5_1", "lab5_1\lab5_1.csproj", "{B789620D-FB2A-46FB-ADCE-9483F9DDBE8D}"
EndProject
Project("{FAE04EC0-301F-11D3-BF4B-00C04F79EFBC}") = "lab5_24", "lab5_24\lab5_24.csproj", "{F8A9958B-02BE-4BA9-8227-A4D8ED25FF8B}"
EndProject
Project("{FAE04EC0-301F-11D3-BF4B-00C04F79EFBC}") = "lab3_3", "lab3_3\lab3_3.csproj", "{CFDC1A98-026D-45A6-8ACB-D5BC31EE31AF}"
EndProject
Project("{FAE04EC0-301F-11D3-BF4B-00C04F79EFBC}") = "lab3_18", "lab3_18\lab3_18.csproj", "{186EC514-B1AD-44A0-9577-72A17B484C06}"
EndProject
Project("{FAE04EC0-301F-11D3-BF4B-00C04F79EFBC}") = "lab1_9", "lab1_9\lab1_9.csproj", "{F16A1BDF-141D-4383-8C94-D5E5D43108E2}"
EndProject
Project("{FAE04EC0-301F-11D3-BF4B-00C04F79EFBC}") = "lab6_12", "lab6_12\lab6_12.csproj", "{954D8260-5B16-4F0E-9DDD-9904CAC4BC86}"
EndProject
Project("{FAE04EC0-301F-11D3-BF4B-00C04F79EFBC}") = "lab7", "lab7\lab7.csproj", "{7E274BD8-07E4-4729-AF7D-2BA99D4C5083}"
EndProject
Project("{FAE04EC0-301F-11D3-BF4B-00C04F79EFBC}") = "lab8_1", "lab8_1\lab8_1.csproj", "{0B8BB479-8E56-493D-AE83-099183FD2BEF}"
EndProject
Project("{FAE04EC0-301F-11D3-BF4B-00C04F79EFBC}") = "lab8_2", "lab8_2\lab8_2.csproj", "{3804179E-A75A-4BEB-910B-AB01F5875EE0}"
EndProject
Project("{FAE04EC0-301F-11D3-BF4B-00C04F79EFBC}") = "lab9_1.3", "lab9_1.3\lab9_1.3.csproj", "{7ABEDF5C-74DA-4AD8-BF38-ADC5DFACCD65}"
EndProject
Project("{FAE04EC0-301F-11D3-BF4B-00C04F79EFBC}") = "lab10_12", "lab10_12\lab10_12.csproj", "{EC15F82E-2791-4E9A-85BC-912FCAC25FAA}"
EndProject
Project("{FAE04EC0-301F-11D3-BF4B-00C04F79EFBC}") = "lab11_1_4", "lab11_1_4\lab11_1_4.csproj", "{4D903926-7088-492B-8966-026FA3625EA1}"
EndProject
Project("{FAE04EC0-301F-11D3-BF4B-00C04F79EFBC}") = "lab11_2", "lab11_2\lab11_2.csproj", "{665A4439-D850-43DE-9E0C-B4D697207795}"
EndProject
Project("{FAE04EC0-301F-11D3-BF4B-00C04F79EFBC}") = "lab9_2", "lab9_2\lab9_2.csproj", "{2015EC33-7553-47D2-B9B3-C24EBE72E10A}"
EndProject
Project("{FAE04EC0-301F-11D3-BF4B-00C04F79EFBC}") = "lab9_3", "lab9_3\lab9_3.csproj", "{B153ACD2-8180-4008-A676-85D63093C3A1}"
EndProject
Global
	GlobalSection(SolutionConfigurationPlatforms) = preSolution
		Debug|Any CPU = Debug|Any CPU
		Release|Any CPU = Release|Any CPU
	EndGlobalSection
	GlobalSection(ProjectConfigurationPlatforms) = postSolution
		{9787A22F-92E7-4854-937B-C3728F65A3BA}.Debug|Any CPU.ActiveCfg = Debug|Any CPU
		{9787A22F-92E7-4854-937B-C3728F65A3BA}.Debug|Any CPU.Build.0 = Debug|Any CPU
		{9787A22F-92E7-4854-937B-C3728F65A3BA}.Release|Any CPU.ActiveCfg = Release|Any CPU
		{9787A22F-92E7-4854-937B-C3728F65A3BA}.Release|Any CPU.Build.0 = Release|Any CPU
		{4F896E89-25B3-4720-B886-D62BEC0AB7AB}.Debug|Any CPU.ActiveCfg = Debug|Any CPU
		{4F896E89-25B3-4720-B886-D62BEC0AB7AB}.Debug|Any CPU.Build.0 = Debug|Any CPU
		{4F896E89-25B3-4720-B886-D62BEC0AB7AB}.Release|Any CPU.ActiveCfg = Release|Any CPU
		{4F896E89-25B3-4720-B886-D62BEC0AB7AB}.Release|Any CPU.Build.0 = Release|Any CPU
		{16FE9E2B-9EE9-43FF-8183-E5C8619A6A45}.Debug|Any CPU.ActiveCfg = Debug|Any CPU
		{16FE9E2B-9EE9-43FF-8183-E5C8619A6A45}.Debug|Any CPU.Build.0 = Debug|Any CPU
		{16FE9E2B-9EE9-43FF-8183-E5C8619A6A45}.Release|Any CPU.ActiveCfg = Release|Any CPU
		{16FE9E2B-9EE9-43FF-8183-E5C8619A6A45}.Release|Any CPU.Build.0 = Release|Any CPU
		{B789620D-FB2A-46FB-ADCE-9483F9DDBE8D}.Debug|Any CPU.ActiveCfg = Debug|Any CPU
		{B789620D-FB2A-46FB-ADCE-9483F9DDBE8D}.Debug|Any CPU.Build.0 = Debug|Any CPU
		{B789620D-FB2A-46FB-ADCE-9483F9DDBE8D}.Release|Any CPU.ActiveCfg = Release|Any CPU
		{B789620D-FB2A-46FB-ADCE-9483F9DDBE8D}.Release|Any CPU.Build.0 = Release|Any CPU
		{F8A9958B-02BE-4BA9-8227-A4D8ED25FF8B}.Debug|Any CPU.ActiveCfg = Debug|Any CPU
		{F8A9958B-02BE-4BA9-8227-A4D8ED25FF8B}.Debug|Any CPU.Build.0 = Debug|Any CPU
		{F8A9958B-02BE-4BA9-8227-A4D8ED25FF8B}.Release|Any CPU.ActiveCfg = Release|Any CPU
		{F8A9958B-02BE-4BA9-8227-A4D8ED25FF8B}.Release|Any CPU.Build.0 = Release|Any CPU
		{CFDC1A98-026D-45A6-8ACB-D5BC31EE31AF}.Debug|Any CPU.ActiveCfg = Debug|Any CPU
		{CFDC1A98-026D-45A6-8ACB-D5BC31EE31AF}.Debug|Any CPU.Build.0 = Debug|Any CPU
		{CFDC1A98-026D-45A6-8ACB-D5BC31EE31AF}.Release|Any CPU.ActiveCfg = Release|Any CPU
		{CFDC1A98-026D-45A6-8ACB-D5BC31EE31AF}.Release|Any CPU.Build.0 = Release|Any CPU
		{186EC514-B1AD-44A0-9577-72A17B484C06}.Debug|Any CPU.ActiveCfg = Debug|Any CPU
		{186EC514-B1AD-44A0-9577-72A17B484C06}.Debug|Any CPU.Build.0 = Debug|Any CPU
		{186EC514-B1AD-44A0-9577-72A17B484C06}.Release|Any CPU.ActiveCfg = Release|Any CPU
		{186EC514-B1AD-44A0-9577-72A17B484C06}.Release|Any CPU.Build.0 = Release|Any CPU
		{F16A1BDF-141D-4383-8C94-D5E5D43108E2}.Debug|Any CPU.ActiveCfg = Debug|Any CPU
		{F16A1BDF-141D-4383-8C94-D5E5D43108E2}.Debug|Any CPU.Build.0 = Debug|Any CPU
		{F16A1BDF-141D-4383-8C94-D5E5D43108E2}.Release|Any CPU.ActiveCfg = Release|Any CPU
		{F16A1BDF-141D-4383-8C94-D5E5D43108E2}.Release|Any CPU.Build.0 = Release|Any CPU
		{954D8260-5B16-4F0E-9DDD-9904CAC4BC86}.Debug|Any CPU.ActiveCfg = Debug|Any CPU
		{954D8260-5B16-4F0E-9DDD-9904CAC4BC86}.Debug|Any CPU.Build.0 = Debug|Any CPU
		{954D8260-5B16-4F0E-9DDD-9904CAC4BC86}.Release|Any CPU.ActiveCfg = Release|Any CPU
		{954D8260-5B16-4F0E-9DDD-9904CAC4BC86}.Release|Any CPU.Build.0 = Release|Any CPU
		{7E274BD8-07E4-4729-AF7D-2BA99D4C5083}.Debug|Any CPU.ActiveCfg = Debug|Any CPU
		{7E274BD8-07E4-4729-AF7D-2BA99D4C5083}.Debug|Any CPU.Build.0 = Debug|Any CPU
		{7E274BD8-07E4-4729-AF7D-2BA99D4C5083}.Release|Any CPU.ActiveCfg = Release|Any CPU
		{7E274BD8-07E4-4729-AF7D-2BA99D4C5083}.Release|Any CPU.Build.0 = Release|Any CPU
		{0B8BB479-8E56-493D-AE83-099183FD2BEF}.Debug|Any CPU.ActiveCfg = Debug|Any CPU
		{0B8BB479-8E56-493D-AE83-099183FD2BEF}.Debug|Any CPU.Build.0 = Debug|Any CPU
		{0B8BB479-8E56-493D-AE83-099183FD2BEF}.Release|Any CPU.ActiveCfg = Release|Any CPU
		{0B8BB479-8E56-493D-AE83-099183FD2BEF}.Release|Any CPU.Build.0 = Release|Any CPU
		{3804179E-A75A-4BEB-910B-AB01F5875EE0}.Debug|Any CPU.ActiveCfg = Debug|Any CPU
		{3804179E-A75A-4BEB-910B-AB01F5875EE0}.Debug|Any CPU.Build.0 = Debug|Any CPU
		{3804179E-A75A-4BEB-910B-AB01F5875EE0}.Release|Any CPU.ActiveCfg = Release|Any CPU
		{3804179E-A75A-4BEB-910B-AB01F5875EE0}.Release|Any CPU.Build.0 = Release|Any CPU
		{7ABEDF5C-74DA-4AD8-BF38-ADC5DFACCD65}.Debug|Any CPU.ActiveCfg = Debug|Any CPU
		{7ABEDF5C-74DA-4AD8-BF38-ADC5DFACCD65}.Debug|Any CPU.Build.0 = Debug|Any CPU
		{7ABEDF5C-74DA-4AD8-BF38-ADC5DFACCD65}.Release|Any CPU.ActiveCfg = Release|Any CPU
		{7ABEDF5C-74DA-4AD8-BF38-ADC5DFACCD65}.Release|Any CPU.Build.0 = Release|Any CPU
		{EC15F82E-2791-4E9A-85BC-912FCAC25FAA}.Debug|Any CPU.ActiveCfg = Debug|Any CPU
		{EC15F82E-2791-4E9A-85BC-912FCAC25FAA}.Debug|Any CPU.Build.0 = Debug|Any CPU
		{EC15F82E-2791-4E9A-85BC-912FCAC25FAA}.Release|Any CPU.ActiveCfg = Release|Any CPU
		{EC15F82E-2791-4E9A-85BC-912FCAC25FAA}.Release|Any CPU.Build.0 = Release|Any CPU
		{4D903926-7088-492B-8966-026FA3625EA1}.Debug|Any CPU.ActiveCfg = Debug|Any CPU
		{4D903926-7088-492B-8966-026FA3625EA1}.Debug|Any CPU.Build.0 = Debug|Any CPU
		{4D903926-7088-492B-8966-026FA3625EA1}.Release|Any CPU.ActiveCfg = Release|Any CPU
		{4D903926-7088-492B-8966-026FA3625EA1}.Release|Any CPU.Build.0 = Release|Any CPU
		{665A4439-D850-43DE-9E0C-B4D697207795}.Debug|Any CPU.ActiveCfg = Debug|Any CPU
		{665A4439-D850-43DE-9E0C-B4D697207795}.Debug|Any CPU.Build.0 = Debug|Any CPU
		{665A4439-D850-43DE-9E0C-B4D697207795}.Release|Any CPU.ActiveCfg = Release|Any CPU
		{665A4439-D850-43DE-9E0C-B4D697207795}.Release|Any CPU.Build.0 = Release|Any CPU
		{2015EC33-7553-47D2-B9B3-C24EBE72E10A}.Debug|Any CPU.ActiveCfg = Debug|Any CPU
		{2015EC33-7553-47D2-B9B3-C24EBE72E10A}.Debug|Any CPU.Build.0 = Debug|Any CPU
		{2015EC33-7553-47D2-B9B3-C24EBE72E10A}.Release|Any CPU.ActiveCfg = Release|Any CPU
		{2015EC33-7553-47D2-B9B3-C24EBE72E10A}.Release|Any CPU.Build.0 = Release|Any CPU
		{B153ACD2-8180-4008-A676-85D63093C3A1}.Debug|Any CPU.ActiveCfg = Debug|Any CPU
		{B153ACD2-8180-4008-A676-85D63093C3A1}.Debug|Any CPU.Build.0 = Debug|Any CPU
		{B153ACD2-8180-4008-A676-85D63093C3A1}.Release|Any CPU.ActiveCfg = Release|Any CPU
		{B153ACD2-8180-4008-A676-85D63093C3A1}.Release|Any CPU.Build.0 = Release|Any CPU
	EndGlobalSection
	GlobalSection(SolutionProperties) = preSolution
		HideSolutionNode = FALSE
	EndGlobalSection
	GlobalSection(ExtensibilityGlobals) = postSolution
		SolutionGuid = {1509576F-C81B-4E16-959B-ED093D1591D3}
	EndGlobalSection
EndGlobal
